
Microsoft Visual Studio Solution File, Format Version 12.00
# Visual Studio Version 16
VisualStudioVersion = 16.0.31205.134
MinimumVisualStudioVersion = 10.0.40219.1
Project("{E24C65DC-7377-472B-9ABA-BC803B73C61A}") = "Calc", "Calc\", "{3017B947-17A8-4ED0-94FE-883259A3CE0A}"
	ProjectSection(WebsiteProperties) = preProject
		TargetFrameworkMoniker = ".NETFramework,Version%3Dv4.5.1"
		Debug.AspNetCompiler.VirtualPath = "/localhost_12394"
		Debug.AspNetCompiler.PhysicalPath = "Calc\"
		Debug.AspNetCompiler.TargetPath = "PrecompiledWeb\localhost_12394\"
		Debug.AspNetCompiler.Updateable = "true"
		Debug.AspNetCompiler.ForceOverwrite = "true"
		Debug.AspNetCompiler.FixedNames = "false"
		Debug.AspNetCompiler.Debug = "True"
		Release.AspNetCompiler.VirtualPath = "/localhost_12394"
		Release.AspNetCompiler.PhysicalPath = "Calc\"
		Release.AspNetCompiler.TargetPath = "PrecompiledWeb\localhost_12394\"
		Release.AspNetCompiler.Updateable = "true"
		Release.AspNetCompiler.ForceOverwrite = "true"
		Release.AspNetCompiler.FixedNames = "false"
		Release.AspNetCompiler.Debug = "False"
		VWDPort = "12394"
		SlnRelativePath = "Calc\"
		DefaultWebSiteLanguage = "Visual C#"
	EndProjectSection
EndProject
Project("{E24C65DC-7377-472B-9ABA-BC803B73C61A}") = "CalcPlus", "CalcPlus\", "{68EB534F-2BB1-437B-8C98-1C42C7B98E52}"
	ProjectSection(WebsiteProperties) = preProject
		TargetFrameworkMoniker = ".NETFramework,Version%3Dv4.7.2"
		Debug.AspNetCompiler.VirtualPath = "/localhost_51556"
		Debug.AspNetCompiler.PhysicalPath = "CalcPlus\"
		Debug.AspNetCompiler.TargetPath = "PrecompiledWeb\localhost_51556\"
		Debug.AspNetCompiler.Updateable = "true"
		Debug.AspNetCompiler.ForceOverwrite = "true"
		Debug.AspNetCompiler.FixedNames = "false"
		Debug.AspNetCompiler.Debug = "True"
		Release.AspNetCompiler.VirtualPath = "/localhost_51556"
		Release.AspNetCompiler.PhysicalPath = "CalcPlus\"
		Release.AspNetCompiler.TargetPath = "PrecompiledWeb\localhost_51556\"
		Release.AspNetCompiler.Updateable = "true"
		Release.AspNetCompiler.ForceOverwrite = "true"
		Release.AspNetCompiler.FixedNames = "false"
		Release.AspNetCompiler.Debug = "False"
		VWDPort = "51556"
		SlnRelativePath = "CalcPlus\"
		DefaultWebSiteLanguage = "Visual C#"
	EndProjectSection
EndProject
Global
	GlobalSection(SolutionConfigurationPlatforms) = preSolution
		Debug|Any CPU = Debug|Any CPU
	EndGlobalSection
	GlobalSection(ProjectConfigurationPlatforms) = postSolution
		{3017B947-17A8-4ED0-94FE-883259A3CE0A}.Debug|Any CPU.ActiveCfg = Debug|Any CPU
		{3017B947-17A8-4ED0-94FE-883259A3CE0A}.Debug|Any CPU.Build.0 = Debug|Any CPU
		{68EB534F-2BB1-437B-8C98-1C42C7B98E52}.Debug|Any CPU.ActiveCfg = Debug|Any CPU
		{68EB534F-2BB1-437B-8C98-1C42C7B98E52}.Debug|Any CPU.Build.0 = Debug|Any CPU
	EndGlobalSection
	GlobalSection(SolutionProperties) = preSolution
		HideSolutionNode = FALSE
	EndGlobalSection
	GlobalSection(ExtensibilityGlobals) = postSolution
		SolutionGuid = {50AF44F6-3CB9-4573-AF24-77141955BC80}
	EndGlobalSection
EndGlobal
