
Microsoft Visual Studio Solution File, Format Version 12.00
# Visual Studio 15
VisualStudioVersion = 15.0.27004.2006
MinimumVisualStudioVersion = 10.0.40219.1
Project("{FAE04EC0-301F-11D3-BF4B-00C04F79EFBC}") = "WCFRestIII", "WCFRestIII\WCFRestIII.csproj", "{F082603E-E6C9-4F73-A0EB-F064A7D09896}"
EndProject
Global
	GlobalSection(SolutionConfigurationPlatforms) = preSolution
		Debug|Any CPU = Debug|Any CPU
		Release|Any CPU = Release|Any CPU
	EndGlobalSection
	GlobalSection(ProjectConfigurationPlatforms) = postSolution
		{F082603E-E6C9-4F73-A0EB-F064A7D09896}.Debug|Any CPU.ActiveCfg = Debug|Any CPU
		{F082603E-E6C9-4F73-A0EB-F064A7D09896}.Debug|Any CPU.Build.0 = Debug|Any CPU
		{F082603E-E6C9-4F73-A0EB-F064A7D09896}.Release|Any CPU.ActiveCfg = Release|Any CPU
		{F082603E-E6C9-4F73-A0EB-F064A7D09896}.Release|Any CPU.Build.0 = Release|Any CPU
		{E8C8E38C-0E1B-4BC8-B6BE-CBD563A15014}.Debug|Any CPU.ActiveCfg = Debug|Any CPU
		{E8C8E38C-0E1B-4BC8-B6BE-CBD563A15014}.Debug|Any CPU.Build.0 = Debug|Any CPU
		{E8C8E38C-0E1B-4BC8-B6BE-CBD563A15014}.Release|Any CPU.ActiveCfg = Release|Any CPU
		{E8C8E38C-0E1B-4BC8-B6BE-CBD563A15014}.Release|Any CPU.Build.0 = Release|Any CPU
		{29CE7D54-92A9-40A5-8DBB-E8615F757177}.Debug|Any CPU.ActiveCfg = Debug|Any CPU
		{29CE7D54-92A9-40A5-8DBB-E8615F757177}.Debug|Any CPU.Build.0 = Debug|Any CPU
		{29CE7D54-92A9-40A5-8DBB-E8615F757177}.Release|Any CPU.ActiveCfg = Release|Any CPU
		{29CE7D54-92A9-40A5-8DBB-E8615F757177}.Release|Any CPU.Build.0 = Release|Any CPU
	EndGlobalSection
	GlobalSection(SolutionProperties) = preSolution
		HideSolutionNode = FALSE
	EndGlobalSection
	GlobalSection(ExtensibilityGlobals) = postSolution
		SolutionGuid = {DA85C920-91E5-412C-B122-CC5296A8616E}
	EndGlobalSection
EndGlobal
