
Microsoft Visual Studio Solution File, Format Version 12.00
# Visual Studio Version 16
VisualStudioVersion = 16.0.29911.84
MinimumVisualStudioVersion = 10.0.40219.1
Project("{FAE04EC0-301F-11D3-BF4B-00C04F79EFBC}") = "ClientWCF", "ClientWCF\ClientWCF.csproj", "{FF794993-EB02-4708-9CCB-F07A9A42FBE8}"
EndProject
Global
	GlobalSection(SolutionConfigurationPlatforms) = preSolution
		Debug|Any CPU = Debug|Any CPU
		Release|Any CPU = Release|Any CPU
	EndGlobalSection
	GlobalSection(ProjectConfigurationPlatforms) = postSolution
		{FF794993-EB02-4708-9CCB-F07A9A42FBE8}.Debug|Any CPU.ActiveCfg = Debug|Any CPU
		{FF794993-EB02-4708-9CCB-F07A9A42FBE8}.Debug|Any CPU.Build.0 = Debug|Any CPU
		{FF794993-EB02-4708-9CCB-F07A9A42FBE8}.Release|Any CPU.ActiveCfg = Release|Any CPU
		{FF794993-EB02-4708-9CCB-F07A9A42FBE8}.Release|Any CPU.Build.0 = Release|Any CPU
	EndGlobalSection
	GlobalSection(SolutionProperties) = preSolution
		HideSolutionNode = FALSE
	EndGlobalSection
	GlobalSection(ExtensibilityGlobals) = postSolution
		SolutionGuid = {B1247FA2-6385-4E84-B3F2-1B66B07A97AE}
	EndGlobalSection
EndGlobal
