
Microsoft Visual Studio Solution File, Format Version 12.00
# Visual Studio Version 16
VisualStudioVersion = 16.0.31205.134
MinimumVisualStudioVersion = 10.0.40219.1
Project("{FAE04EC0-301F-11D3-BF4B-00C04F79EFBC}") = "AulaHojeWebAPI", "AulaHojeWebAPI\AulaHojeWebAPI.csproj", "{FF361054-E201-4C29-AF10-791DEEE3347A}"
EndProject
Global
	GlobalSection(SolutionConfigurationPlatforms) = preSolution
		Debug|Any CPU = Debug|Any CPU
		Release|Any CPU = Release|Any CPU
	EndGlobalSection
	GlobalSection(ProjectConfigurationPlatforms) = postSolution
		{FF361054-E201-4C29-AF10-791DEEE3347A}.Debug|Any CPU.ActiveCfg = Debug|Any CPU
		{FF361054-E201-4C29-AF10-791DEEE3347A}.Debug|Any CPU.Build.0 = Debug|Any CPU
		{FF361054-E201-4C29-AF10-791DEEE3347A}.Release|Any CPU.ActiveCfg = Release|Any CPU
		{FF361054-E201-4C29-AF10-791DEEE3347A}.Release|Any CPU.Build.0 = Release|Any CPU
	EndGlobalSection
	GlobalSection(SolutionProperties) = preSolution
		HideSolutionNode = FALSE
	EndGlobalSection
	GlobalSection(ExtensibilityGlobals) = postSolution
		SolutionGuid = {76B8B07A-992B-47CC-A9A3-E1B45CF07AA1}
	EndGlobalSection
EndGlobal
